
Microsoft Visual Studio Solution File, Format Version 12.00
# Visual Studio 14
VisualStudioVersion = 14.0.23107.0
MinimumVisualStudioVersion = 10.0.40219.1
Project("{FAE04EC0-301F-11D3-BF4B-00C04F79EFBC}") = "AntennaLibrary", "AntennaLibrary.csproj", "{8B3CEB28-87EF-4DC0-B58D-AC9F3CA9B2DC}"
EndProject
Project("{FAE04EC0-301F-11D3-BF4B-00C04F79EFBC}") = "AntennaLibCore", "..\AntennaLibCore\AntennaLibCore.csproj", "{C2EFC9F3-25AA-4E76-9C69-72C785BDFFE7}"
EndProject
Project("{6141683F-8A12-4E36-9623-2EB02B2C2303}") = "Setup", "..\Setup\Setup.isproj", "{9BD27F76-DB64-4F7B-9353-6DFE903C6858}"
	ProjectSection(ProjectDependencies) = postProject
		{8B3CEB28-87EF-4DC0-B58D-AC9F3CA9B2DC} = {8B3CEB28-87EF-4DC0-B58D-AC9F3CA9B2DC}
		{C2EFC9F3-25AA-4E76-9C69-72C785BDFFE7} = {C2EFC9F3-25AA-4E76-9C69-72C785BDFFE7}
	EndProjectSection
EndProject
Global
	GlobalSection(SolutionConfigurationPlatforms) = preSolution
		CD_ROM|Any CPU = CD_ROM|Any CPU
		Debug|Any CPU = Debug|Any CPU
		DVD-5|Any CPU = DVD-5|Any CPU
		Release|Any CPU = Release|Any CPU
		SingleImage|Any CPU = SingleImage|Any CPU
	EndGlobalSection
	GlobalSection(ProjectConfigurationPlatforms) = postSolution
		{8B3CEB28-87EF-4DC0-B58D-AC9F3CA9B2DC}.CD_ROM|Any CPU.ActiveCfg = Release|Any CPU
		{8B3CEB28-87EF-4DC0-B58D-AC9F3CA9B2DC}.CD_ROM|Any CPU.Build.0 = Release|Any CPU
		{8B3CEB28-87EF-4DC0-B58D-AC9F3CA9B2DC}.Debug|Any CPU.ActiveCfg = Debug|Any CPU
		{8B3CEB28-87EF-4DC0-B58D-AC9F3CA9B2DC}.Debug|Any CPU.Build.0 = Debug|Any CPU
		{8B3CEB28-87EF-4DC0-B58D-AC9F3CA9B2DC}.DVD-5|Any CPU.ActiveCfg = Debug|Any CPU
		{8B3CEB28-87EF-4DC0-B58D-AC9F3CA9B2DC}.DVD-5|Any CPU.Build.0 = Debug|Any CPU
		{8B3CEB28-87EF-4DC0-B58D-AC9F3CA9B2DC}.Release|Any CPU.ActiveCfg = Release|Any CPU
		{8B3CEB28-87EF-4DC0-B58D-AC9F3CA9B2DC}.Release|Any CPU.Build.0 = Release|Any CPU
		{8B3CEB28-87EF-4DC0-B58D-AC9F3CA9B2DC}.SingleImage|Any CPU.ActiveCfg = Release|Any CPU
		{8B3CEB28-87EF-4DC0-B58D-AC9F3CA9B2DC}.SingleImage|Any CPU.Build.0 = Release|Any CPU
		{C2EFC9F3-25AA-4E76-9C69-72C785BDFFE7}.CD_ROM|Any CPU.ActiveCfg = Release|Any CPU
		{C2EFC9F3-25AA-4E76-9C69-72C785BDFFE7}.CD_ROM|Any CPU.Build.0 = Release|Any CPU
		{C2EFC9F3-25AA-4E76-9C69-72C785BDFFE7}.Debug|Any CPU.ActiveCfg = Debug|Any CPU
		{C2EFC9F3-25AA-4E76-9C69-72C785BDFFE7}.Debug|Any CPU.Build.0 = Debug|Any CPU
		{C2EFC9F3-25AA-4E76-9C69-72C785BDFFE7}.DVD-5|Any CPU.ActiveCfg = Debug|Any CPU
		{C2EFC9F3-25AA-4E76-9C69-72C785BDFFE7}.DVD-5|Any CPU.Build.0 = Debug|Any CPU
		{C2EFC9F3-25AA-4E76-9C69-72C785BDFFE7}.Release|Any CPU.ActiveCfg = Release|Any CPU
		{C2EFC9F3-25AA-4E76-9C69-72C785BDFFE7}.Release|Any CPU.Build.0 = Release|Any CPU
		{C2EFC9F3-25AA-4E76-9C69-72C785BDFFE7}.SingleImage|Any CPU.ActiveCfg = Release|Any CPU
		{C2EFC9F3-25AA-4E76-9C69-72C785BDFFE7}.SingleImage|Any CPU.Build.0 = Release|Any CPU
		{9BD27F76-DB64-4F7B-9353-6DFE903C6858}.CD_ROM|Any CPU.ActiveCfg = CD_ROM
		{9BD27F76-DB64-4F7B-9353-6DFE903C6858}.CD_ROM|Any CPU.Build.0 = CD_ROM
		{9BD27F76-DB64-4F7B-9353-6DFE903C6858}.Debug|Any CPU.ActiveCfg = DVD-5
		{9BD27F76-DB64-4F7B-9353-6DFE903C6858}.Debug|Any CPU.Build.0 = DVD-5
		{9BD27F76-DB64-4F7B-9353-6DFE903C6858}.DVD-5|Any CPU.ActiveCfg = DVD-5
		{9BD27F76-DB64-4F7B-9353-6DFE903C6858}.DVD-5|Any CPU.Build.0 = DVD-5
		{9BD27F76-DB64-4F7B-9353-6DFE903C6858}.Release|Any CPU.ActiveCfg = SingleImage
		{9BD27F76-DB64-4F7B-9353-6DFE903C6858}.Release|Any CPU.Build.0 = SingleImage
		{9BD27F76-DB64-4F7B-9353-6DFE903C6858}.SingleImage|Any CPU.ActiveCfg = SingleImage
		{9BD27F76-DB64-4F7B-9353-6DFE903C6858}.SingleImage|Any CPU.Build.0 = SingleImage
	EndGlobalSection
	GlobalSection(SolutionProperties) = preSolution
		HideSolutionNode = FALSE
	EndGlobalSection
EndGlobal
