
Microsoft Visual Studio Solution File, Format Version 12.00
# Visual Studio 14
VisualStudioVersion = 14.0.23107.0
MinimumVisualStudioVersion = 10.0.40219.1
Project("{FAE04EC0-301F-11D3-BF4B-00C04F79EFBC}") = "AntennaLibrary", "AntennaLibrary.csproj", "{8B3CEB28-87EF-4DC0-B58D-AC9F3CA9B2DC}"
EndProject
Project("{FAE04EC0-301F-11D3-BF4B-00C04F79EFBC}") = "AntennaLibCore", "..\AntennaLibCore\AntennaLibCore.csproj", "{C2EFC9F3-25AA-4E76-9C69-72C785BDFFE7}"
EndProject
Global
	GlobalSection(SolutionConfigurationPlatforms) = preSolution
		Debug|Any CPU = Debug|Any CPU
		Release|Any CPU = Release|Any CPU
	EndGlobalSection
	GlobalSection(ProjectConfigurationPlatforms) = postSolution
		{8B3CEB28-87EF-4DC0-B58D-AC9F3CA9B2DC}.Debug|Any CPU.ActiveCfg = Debug|Any CPU
		{8B3CEB28-87EF-4DC0-B58D-AC9F3CA9B2DC}.Debug|Any CPU.Build.0 = Debug|Any CPU
		{8B3CEB28-87EF-4DC0-B58D-AC9F3CA9B2DC}.Release|Any CPU.ActiveCfg = Release|Any CPU
		{8B3CEB28-87EF-4DC0-B58D-AC9F3CA9B2DC}.Release|Any CPU.Build.0 = Release|Any CPU
		{C2EFC9F3-25AA-4E76-9C69-72C785BDFFE7}.Debug|Any CPU.ActiveCfg = Debug|Any CPU
		{C2EFC9F3-25AA-4E76-9C69-72C785BDFFE7}.Debug|Any CPU.Build.0 = Debug|Any CPU
		{C2EFC9F3-25AA-4E76-9C69-72C785BDFFE7}.Release|Any CPU.ActiveCfg = Release|Any CPU
		{C2EFC9F3-25AA-4E76-9C69-72C785BDFFE7}.Release|Any CPU.Build.0 = Release|Any CPU
	EndGlobalSection
	GlobalSection(SolutionProperties) = preSolution
		HideSolutionNode = FALSE
	EndGlobalSection
EndGlobal
